
Microsoft Visual Studio Solution File, Format Version 12.00
# Visual Studio Version 17
VisualStudioVersion = 17.0.31919.166
MinimumVisualStudioVersion = 10.0.40219.1
Project("{2150E333-8FDC-42A3-9474-1A3956D46DE8}") = "src", "src", "{8C8887FC-28CF-4AA7-8283-E472D5D300CA}"
EndProject
Project("{9A19103F-16F7-4668-BE54-9A1E7A4F7556}") = "RemoteMediatr.Client", "src\Client\RemoteMediatr.Client.csproj", "{433670A0-2211-4E2A-981B-F4B47471F521}"
EndProject
Project("{9A19103F-16F7-4668-BE54-9A1E7A4F7556}") = "RemoteMediatr.Core", "src\Core\RemoteMediatr.Core.csproj", "{4FF49974-5939-4AF9-AD3C-9092D31A344B}"
EndProject
Project("{9A19103F-16F7-4668-BE54-9A1E7A4F7556}") = "RemoteMediatr.Server", "src\Server\RemoteMediatr.Server.csproj", "{5A2BB250-E21D-4D3F-9461-42F4FDD52CD5}"
EndProject
Project("{2150E333-8FDC-42A3-9474-1A3956D46DE8}") = "sample", "sample", "{8EE545AA-C639-405A-B7A7-655046307FE1}"
EndProject
Project("{FAE04EC0-301F-11D3-BF4B-00C04F79EFBC}") = "Sample.Server", "Sample\Server\Sample.Server.csproj", "{00966784-9BCF-4EAA-8F5D-405A6325FB30}"
EndProject
Project("{FAE04EC0-301F-11D3-BF4B-00C04F79EFBC}") = "Sample.Client", "Sample\Client\Sample.Client.csproj", "{E7164715-590E-4989-A91E-0A04FC25FB4B}"
EndProject
Project("{FAE04EC0-301F-11D3-BF4B-00C04F79EFBC}") = "Sample.Shared", "Sample\Shared\Sample.Shared.csproj", "{EEEDA4BC-BF8B-41B8-94F1-7E6F4525CDA5}"
EndProject
Global
	GlobalSection(SolutionConfigurationPlatforms) = preSolution
		Debug|Any CPU = Debug|Any CPU
		Release|Any CPU = Release|Any CPU
	EndGlobalSection
	GlobalSection(ProjectConfigurationPlatforms) = postSolution
		{433670A0-2211-4E2A-981B-F4B47471F521}.Debug|Any CPU.ActiveCfg = Debug|Any CPU
		{433670A0-2211-4E2A-981B-F4B47471F521}.Debug|Any CPU.Build.0 = Debug|Any CPU
		{433670A0-2211-4E2A-981B-F4B47471F521}.Release|Any CPU.ActiveCfg = Release|Any CPU
		{433670A0-2211-4E2A-981B-F4B47471F521}.Release|Any CPU.Build.0 = Release|Any CPU
		{4FF49974-5939-4AF9-AD3C-9092D31A344B}.Debug|Any CPU.ActiveCfg = Debug|Any CPU
		{4FF49974-5939-4AF9-AD3C-9092D31A344B}.Debug|Any CPU.Build.0 = Debug|Any CPU
		{4FF49974-5939-4AF9-AD3C-9092D31A344B}.Release|Any CPU.ActiveCfg = Release|Any CPU
		{4FF49974-5939-4AF9-AD3C-9092D31A344B}.Release|Any CPU.Build.0 = Release|Any CPU
		{5A2BB250-E21D-4D3F-9461-42F4FDD52CD5}.Debug|Any CPU.ActiveCfg = Debug|Any CPU
		{5A2BB250-E21D-4D3F-9461-42F4FDD52CD5}.Debug|Any CPU.Build.0 = Debug|Any CPU
		{5A2BB250-E21D-4D3F-9461-42F4FDD52CD5}.Release|Any CPU.ActiveCfg = Release|Any CPU
		{5A2BB250-E21D-4D3F-9461-42F4FDD52CD5}.Release|Any CPU.Build.0 = Release|Any CPU
		{00966784-9BCF-4EAA-8F5D-405A6325FB30}.Debug|Any CPU.ActiveCfg = Debug|Any CPU
		{00966784-9BCF-4EAA-8F5D-405A6325FB30}.Debug|Any CPU.Build.0 = Debug|Any CPU
		{00966784-9BCF-4EAA-8F5D-405A6325FB30}.Release|Any CPU.ActiveCfg = Release|Any CPU
		{00966784-9BCF-4EAA-8F5D-405A6325FB30}.Release|Any CPU.Build.0 = Release|Any CPU
		{E7164715-590E-4989-A91E-0A04FC25FB4B}.Debug|Any CPU.ActiveCfg = Debug|Any CPU
		{E7164715-590E-4989-A91E-0A04FC25FB4B}.Debug|Any CPU.Build.0 = Debug|Any CPU
		{E7164715-590E-4989-A91E-0A04FC25FB4B}.Release|Any CPU.ActiveCfg = Release|Any CPU
		{E7164715-590E-4989-A91E-0A04FC25FB4B}.Release|Any CPU.Build.0 = Release|Any CPU
		{EEEDA4BC-BF8B-41B8-94F1-7E6F4525CDA5}.Debug|Any CPU.ActiveCfg = Debug|Any CPU
		{EEEDA4BC-BF8B-41B8-94F1-7E6F4525CDA5}.Debug|Any CPU.Build.0 = Debug|Any CPU
		{EEEDA4BC-BF8B-41B8-94F1-7E6F4525CDA5}.Release|Any CPU.ActiveCfg = Release|Any CPU
		{EEEDA4BC-BF8B-41B8-94F1-7E6F4525CDA5}.Release|Any CPU.Build.0 = Release|Any CPU
	EndGlobalSection
	GlobalSection(SolutionProperties) = preSolution
		HideSolutionNode = FALSE
	EndGlobalSection
	GlobalSection(NestedProjects) = preSolution
		{433670A0-2211-4E2A-981B-F4B47471F521} = {8C8887FC-28CF-4AA7-8283-E472D5D300CA}
		{4FF49974-5939-4AF9-AD3C-9092D31A344B} = {8C8887FC-28CF-4AA7-8283-E472D5D300CA}
		{5A2BB250-E21D-4D3F-9461-42F4FDD52CD5} = {8C8887FC-28CF-4AA7-8283-E472D5D300CA}
		{00966784-9BCF-4EAA-8F5D-405A6325FB30} = {8EE545AA-C639-405A-B7A7-655046307FE1}
		{E7164715-590E-4989-A91E-0A04FC25FB4B} = {8EE545AA-C639-405A-B7A7-655046307FE1}
		{EEEDA4BC-BF8B-41B8-94F1-7E6F4525CDA5} = {8EE545AA-C639-405A-B7A7-655046307FE1}
	EndGlobalSection
	GlobalSection(ExtensibilityGlobals) = postSolution
		SolutionGuid = {73C7F0D8-0882-4C26-A128-60E0772D9319}
	EndGlobalSection
EndGlobal
