
Microsoft Visual Studio Solution File, Format Version 12.00
# Visual Studio Version 17
VisualStudioVersion = 17.0.31919.166
MinimumVisualStudioVersion = 10.0.40219.1
Project("{FAE04EC0-301F-11D3-BF4B-00C04F79EFBC}") = "Valincius.RemoteMediatr.Core", "Core\Valincius.RemoteMediatr.Core.csproj", "{EA81DB36-B7A6-4970-BCE9-577ED00D2158}"
EndProject
Project("{FAE04EC0-301F-11D3-BF4B-00C04F79EFBC}") = "Valincius.RemoteMediatr.Server", "Server\Valincius.RemoteMediatr.Server.csproj", "{7B3599DE-9EF8-4674-B2B0-932D60F772FB}"
EndProject
Project("{FAE04EC0-301F-11D3-BF4B-00C04F79EFBC}") = "Valincius.RemoteMediatr.Client", "Client\Valincius.RemoteMediatr.Client.csproj", "{11F552E3-D5FE-4984-B276-20BACFDEA700}"
EndProject
Global
	GlobalSection(SolutionConfigurationPlatforms) = preSolution
		Debug|Any CPU = Debug|Any CPU
		Release|Any CPU = Release|Any CPU
	EndGlobalSection
	GlobalSection(ProjectConfigurationPlatforms) = postSolution
		{EA81DB36-B7A6-4970-BCE9-577ED00D2158}.Debug|Any CPU.ActiveCfg = Debug|Any CPU
		{EA81DB36-B7A6-4970-BCE9-577ED00D2158}.Debug|Any CPU.Build.0 = Debug|Any CPU
		{EA81DB36-B7A6-4970-BCE9-577ED00D2158}.Release|Any CPU.ActiveCfg = Release|Any CPU
		{EA81DB36-B7A6-4970-BCE9-577ED00D2158}.Release|Any CPU.Build.0 = Release|Any CPU
		{7B3599DE-9EF8-4674-B2B0-932D60F772FB}.Debug|Any CPU.ActiveCfg = Debug|Any CPU
		{7B3599DE-9EF8-4674-B2B0-932D60F772FB}.Debug|Any CPU.Build.0 = Debug|Any CPU
		{7B3599DE-9EF8-4674-B2B0-932D60F772FB}.Release|Any CPU.ActiveCfg = Release|Any CPU
		{7B3599DE-9EF8-4674-B2B0-932D60F772FB}.Release|Any CPU.Build.0 = Release|Any CPU
		{11F552E3-D5FE-4984-B276-20BACFDEA700}.Debug|Any CPU.ActiveCfg = Debug|Any CPU
		{11F552E3-D5FE-4984-B276-20BACFDEA700}.Debug|Any CPU.Build.0 = Debug|Any CPU
		{11F552E3-D5FE-4984-B276-20BACFDEA700}.Release|Any CPU.ActiveCfg = Release|Any CPU
		{11F552E3-D5FE-4984-B276-20BACFDEA700}.Release|Any CPU.Build.0 = Release|Any CPU
	EndGlobalSection
	GlobalSection(SolutionProperties) = preSolution
		HideSolutionNode = FALSE
	EndGlobalSection
	GlobalSection(ExtensibilityGlobals) = postSolution
		SolutionGuid = {73C7F0D8-0882-4C26-A128-60E0772D9319}
	EndGlobalSection
EndGlobal
